// !$*UTF8*$!
{
	archiveVersion = 1;
	classes = {
	};
	objectVersion = 56;
	objects = {

/* Begin PBXBuildFile section */
		BB9552F52BA3275600360CB4 /* GalleryView.swift in Sources */ = {isa = PBXBuildFile; fileRef = BB9552F42BA3275600360CB4 /* GalleryView.swift */; };
		BB9552F72BA33F1E00360CB4 /* SearchBar.swift in Sources */ = {isa = PBXBuildFile; fileRef = BB9552F62BA33F1E00360CB4 /* SearchBar.swift */; };
		BB9552F92BA4424A00360CB4 /* GridTable.swift in Sources */ = {isa = PBXBuildFile; fileRef = BB9552F82BA4424A00360CB4 /* GridTable.swift */; };
		CE39AC3C2B966D4F0016E41A /* cheflengeApp.swift in Sources */ = {isa = PBXBuildFile; fileRef = CE39AC3B2B966D4F0016E41A /* cheflengeApp.swift */; };
		CE39AC402B966D500016E41A /* Assets.xcassets in Resources */ = {isa = PBXBuildFile; fileRef = CE39AC3F2B966D500016E41A /* Assets.xcassets */; };
		CE39AC432B966D500016E41A /* Preview Assets.xcassets in Resources */ = {isa = PBXBuildFile; fileRef = CE39AC422B966D500016E41A /* Preview Assets.xcassets */; };
		CE54F6BC2BBA301100002971 /* ContentView.swift in Sources */ = {isa = PBXBuildFile; fileRef = CE54F6BB2BBA301100002971 /* ContentView.swift */; };
		CE54F6BE2BBA301B00002971 /* HomeView.swift in Sources */ = {isa = PBXBuildFile; fileRef = CE54F6BD2BBA301B00002971 /* HomeView.swift */; };
		CE54F6CD2BBA36EE00002971 /* StrapiPictures.swift in Sources */ = {isa = PBXBuildFile; fileRef = CE54F6CC2BBA36EE00002971 /* StrapiPictures.swift */; };
		CE54F6CF2BBA373E00002971 /* RecipeOfTheDay.swift in Sources */ = {isa = PBXBuildFile; fileRef = CE54F6CE2BBA373E00002971 /* RecipeOfTheDay.swift */; };
		CE54F6D32BBA37A700002971 /* RecipeOfTheDay.swift in Sources */ = {isa = PBXBuildFile; fileRef = CE54F6D22BBA37A700002971 /* RecipeOfTheDay.swift */; };
		CE9EEFB32BB9A17B00C60C69 /* API.swift in Sources */ = {isa = PBXBuildFile; fileRef = CE9EEFB22BB9A17B00C60C69 /* API.swift */; };
		CEA9E6CE2BA347C9007377E8 /* CameraView.swift in Sources */ = {isa = PBXBuildFile; fileRef = CEA9E6CD2BA347C9007377E8 /* CameraView.swift */; };
		CEA9E6D12BA445FD007377E8 /* CameraModel.swift in Sources */ = {isa = PBXBuildFile; fileRef = CEA9E6D02BA445FD007377E8 /* CameraModel.swift */; };
		CEA9E6D42BA44640007377E8 /* Camera.swift in Sources */ = {isa = PBXBuildFile; fileRef = CEA9E6D32BA44640007377E8 /* Camera.swift */; };
		CEA9E6D62BA44C79007377E8 /* PhotoCollection.swift in Sources */ = {isa = PBXBuildFile; fileRef = CEA9E6D52BA44C79007377E8 /* PhotoCollection.swift */; };
		CEA9E6D82BA44CB4007377E8 /* PhotoAsset.swift in Sources */ = {isa = PBXBuildFile; fileRef = CEA9E6D72BA44CB4007377E8 /* PhotoAsset.swift */; };
		CEA9E6DA2BA44DAE007377E8 /* PhotoLibrary.swift in Sources */ = {isa = PBXBuildFile; fileRef = CEA9E6D92BA44DAE007377E8 /* PhotoLibrary.swift */; };
		CEA9E6DC2BA44E13007377E8 /* PhotoAssetCollection.swift in Sources */ = {isa = PBXBuildFile; fileRef = CEA9E6DB2BA44E13007377E8 /* PhotoAssetCollection.swift */; };
		CEA9E6DE2BA44E58007377E8 /* CachedImageManager.swift in Sources */ = {isa = PBXBuildFile; fileRef = CEA9E6DD2BA44E58007377E8 /* CachedImageManager.swift */; };
		CEA9E6E02BA45083007377E8 /* ViewfinderView.swift in Sources */ = {isa = PBXBuildFile; fileRef = CEA9E6DF2BA45083007377E8 /* ViewfinderView.swift */; };
		CEA9E6E22BA4510F007377E8 /* PhotoItemView.swift in Sources */ = {isa = PBXBuildFile; fileRef = CEA9E6E12BA4510F007377E8 /* PhotoItemView.swift */; };
		CEA9E6E42BA4512F007377E8 /* ThumbnailView.swift in Sources */ = {isa = PBXBuildFile; fileRef = CEA9E6E32BA4512F007377E8 /* ThumbnailView.swift */; };
		CEA9E6E62BA45170007377E8 /* PhotoView.swift in Sources */ = {isa = PBXBuildFile; fileRef = CEA9E6E52BA45170007377E8 /* PhotoView.swift */; };
		CEA9E6E82BA451E4007377E8 /* PhotoCollectionView.swift in Sources */ = {isa = PBXBuildFile; fileRef = CEA9E6E72BA451E4007377E8 /* PhotoCollectionView.swift */; };
		CEA9E6F12BA482E5007377E8 /* Recipe.swift in Sources */ = {isa = PBXBuildFile; fileRef = CEA9E6F02BA482E5007377E8 /* Recipe.swift */; };
		CEB83E502BA0DF5E00158775 /* TitleView.swift in Sources */ = {isa = PBXBuildFile; fileRef = CEB83E4F2BA0DF5E00158775 /* TitleView.swift */; };
		CEB83E522BA0F1B200158775 /* SubTitleView.swift in Sources */ = {isa = PBXBuildFile; fileRef = CEB83E512BA0F1B200158775 /* SubTitleView.swift */; };
		CEB83E542BA0F29900158775 /* PageWrapperView.swift in Sources */ = {isa = PBXBuildFile; fileRef = CEB83E532BA0F29900158775 /* PageWrapperView.swift */; };
		CEEBB8BF2B9685F8000BF885 /* RecipeView.swift in Sources */ = {isa = PBXBuildFile; fileRef = CEEBB8BE2B9685F8000BF885 /* RecipeView.swift */; };
		CEEBB8C12B96933B000BF885 /* .gitignore in Resources */ = {isa = PBXBuildFile; fileRef = CEEBB8C02B96933B000BF885 /* .gitignore */; };
/* End PBXBuildFile section */

/* Begin PBXFileReference section */
		BB9552F42BA3275600360CB4 /* GalleryView.swift */ = {isa = PBXFileReference; lastKnownFileType = sourcecode.swift; path = GalleryView.swift; sourceTree = "<group>"; };
		BB9552F62BA33F1E00360CB4 /* SearchBar.swift */ = {isa = PBXFileReference; lastKnownFileType = sourcecode.swift; path = SearchBar.swift; sourceTree = "<group>"; };
		BB9552F82BA4424A00360CB4 /* GridTable.swift */ = {isa = PBXFileReference; lastKnownFileType = sourcecode.swift; path = GridTable.swift; sourceTree = "<group>"; };
		CE39AC382B966D4F0016E41A /* cheflenge.app */ = {isa = PBXFileReference; explicitFileType = wrapper.application; includeInIndex = 0; path = cheflenge.app; sourceTree = BUILT_PRODUCTS_DIR; };
		CE39AC3B2B966D4F0016E41A /* cheflengeApp.swift */ = {isa = PBXFileReference; lastKnownFileType = sourcecode.swift; path = cheflengeApp.swift; sourceTree = "<group>"; };
		CE39AC3F2B966D500016E41A /* Assets.xcassets */ = {isa = PBXFileReference; lastKnownFileType = folder.assetcatalog; path = Assets.xcassets; sourceTree = "<group>"; };
		CE39AC422B966D500016E41A /* Preview Assets.xcassets */ = {isa = PBXFileReference; lastKnownFileType = folder.assetcatalog; path = "Preview Assets.xcassets"; sourceTree = "<group>"; };
		CE54F6BB2BBA301100002971 /* ContentView.swift */ = {isa = PBXFileReference; fileEncoding = 4; lastKnownFileType = sourcecode.swift; path = ContentView.swift; sourceTree = "<group>"; };
		CE54F6BD2BBA301B00002971 /* HomeView.swift */ = {isa = PBXFileReference; fileEncoding = 4; lastKnownFileType = sourcecode.swift; path = HomeView.swift; sourceTree = "<group>"; };
		CE54F6CC2BBA36EE00002971 /* StrapiPictures.swift */ = {isa = PBXFileReference; lastKnownFileType = sourcecode.swift; path = StrapiPictures.swift; sourceTree = "<group>"; };
		CE54F6CE2BBA373E00002971 /* RecipeOfTheDay.swift */ = {isa = PBXFileReference; lastKnownFileType = sourcecode.swift; path = RecipeOfTheDay.swift; sourceTree = "<group>"; };
		CE54F6D22BBA37A700002971 /* RecipeOfTheDay.swift */ = {isa = PBXFileReference; lastKnownFileType = sourcecode.swift; path = RecipeOfTheDay.swift; sourceTree = "<group>"; };
		CE9EEFB22BB9A17B00C60C69 /* API.swift */ = {isa = PBXFileReference; lastKnownFileType = sourcecode.swift; path = API.swift; sourceTree = "<group>"; };
		CEA9E6CD2BA347C9007377E8 /* CameraView.swift */ = {isa = PBXFileReference; lastKnownFileType = sourcecode.swift; path = CameraView.swift; sourceTree = "<group>"; };
		CEA9E6D02BA445FD007377E8 /* CameraModel.swift */ = {isa = PBXFileReference; lastKnownFileType = sourcecode.swift; path = CameraModel.swift; sourceTree = "<group>"; };
		CEA9E6D32BA44640007377E8 /* Camera.swift */ = {isa = PBXFileReference; lastKnownFileType = sourcecode.swift; path = Camera.swift; sourceTree = "<group>"; };
		CEA9E6D52BA44C79007377E8 /* PhotoCollection.swift */ = {isa = PBXFileReference; lastKnownFileType = sourcecode.swift; path = PhotoCollection.swift; sourceTree = "<group>"; };
		CEA9E6D72BA44CB4007377E8 /* PhotoAsset.swift */ = {isa = PBXFileReference; lastKnownFileType = sourcecode.swift; path = PhotoAsset.swift; sourceTree = "<group>"; };
		CEA9E6D92BA44DAE007377E8 /* PhotoLibrary.swift */ = {isa = PBXFileReference; lastKnownFileType = sourcecode.swift; path = PhotoLibrary.swift; sourceTree = "<group>"; };
		CEA9E6DB2BA44E13007377E8 /* PhotoAssetCollection.swift */ = {isa = PBXFileReference; lastKnownFileType = sourcecode.swift; path = PhotoAssetCollection.swift; sourceTree = "<group>"; };
		CEA9E6DD2BA44E58007377E8 /* CachedImageManager.swift */ = {isa = PBXFileReference; lastKnownFileType = sourcecode.swift; path = CachedImageManager.swift; sourceTree = "<group>"; };
		CEA9E6DF2BA45083007377E8 /* ViewfinderView.swift */ = {isa = PBXFileReference; lastKnownFileType = sourcecode.swift; path = ViewfinderView.swift; sourceTree = "<group>"; };
		CEA9E6E12BA4510F007377E8 /* PhotoItemView.swift */ = {isa = PBXFileReference; lastKnownFileType = sourcecode.swift; path = PhotoItemView.swift; sourceTree = "<group>"; };
		CEA9E6E32BA4512F007377E8 /* ThumbnailView.swift */ = {isa = PBXFileReference; lastKnownFileType = sourcecode.swift; path = ThumbnailView.swift; sourceTree = "<group>"; };
		CEA9E6E52BA45170007377E8 /* PhotoView.swift */ = {isa = PBXFileReference; lastKnownFileType = sourcecode.swift; path = PhotoView.swift; sourceTree = "<group>"; };
		CEA9E6E72BA451E4007377E8 /* PhotoCollectionView.swift */ = {isa = PBXFileReference; lastKnownFileType = sourcecode.swift; path = PhotoCollectionView.swift; sourceTree = "<group>"; };
		CEA9E6F02BA482E5007377E8 /* Recipe.swift */ = {isa = PBXFileReference; lastKnownFileType = sourcecode.swift; path = Recipe.swift; sourceTree = "<group>"; };
		CEB83E4F2BA0DF5E00158775 /* TitleView.swift */ = {isa = PBXFileReference; lastKnownFileType = sourcecode.swift; path = TitleView.swift; sourceTree = "<group>"; };
		CEB83E512BA0F1B200158775 /* SubTitleView.swift */ = {isa = PBXFileReference; lastKnownFileType = sourcecode.swift; path = SubTitleView.swift; sourceTree = "<group>"; };
		CEB83E532BA0F29900158775 /* PageWrapperView.swift */ = {isa = PBXFileReference; lastKnownFileType = sourcecode.swift; path = PageWrapperView.swift; sourceTree = "<group>"; };
		CEEBB8BE2B9685F8000BF885 /* RecipeView.swift */ = {isa = PBXFileReference; lastKnownFileType = sourcecode.swift; path = RecipeView.swift; sourceTree = "<group>"; };
		CEEBB8C02B96933B000BF885 /* .gitignore */ = {isa = PBXFileReference; lastKnownFileType = text; path = .gitignore; sourceTree = "<group>"; };
/* End PBXFileReference section */

/* Begin PBXFrameworksBuildPhase section */
		CE39AC352B966D4F0016E41A /* Frameworks */ = {
			isa = PBXFrameworksBuildPhase;
			buildActionMask = 2147483647;
			files = (
			);
			runOnlyForDeploymentPostprocessing = 0;
		};
/* End PBXFrameworksBuildPhase section */

/* Begin PBXGroup section */
		CE39AC2F2B966D4F0016E41A = {
			isa = PBXGroup;
			children = (
				CEEBB8C02B96933B000BF885 /* .gitignore */,
				CE39AC3A2B966D4F0016E41A /* cheflenge */,
				CE39AC392B966D4F0016E41A /* Products */,
			);
			sourceTree = "<group>";
		};
		CE39AC392B966D4F0016E41A /* Products */ = {
			isa = PBXGroup;
			children = (
				CE39AC382B966D4F0016E41A /* cheflenge.app */,
			);
			name = Products;
			sourceTree = "<group>";
		};
		CE39AC3A2B966D4F0016E41A /* cheflenge */ = {
			isa = PBXGroup;
			children = (
				CE54F6CB2BBA36D600002971 /* Models */,
				CE39AC3F2B966D500016E41A /* Assets.xcassets */,
				CE39AC3B2B966D4F0016E41A /* cheflengeApp.swift */,
				CE54F6BB2BBA301100002971 /* ContentView.swift */,
				CE54F6C92BBA360E00002971 /* Gallery */,
				CE54F6C22BBA34B800002971 /* RecipeOfTheDay */,
				CEB83E4C2BA0D49200158775 /* Components */,
				CE39AC412B966D500016E41A /* Preview Content */,
			);
			path = cheflenge;
			sourceTree = "<group>";
		};
		CE39AC412B966D500016E41A /* Preview Content */ = {
			isa = PBXGroup;
			children = (
				CE39AC422B966D500016E41A /* Preview Assets.xcassets */,
			);
			path = "Preview Content";
			sourceTree = "<group>";
		};
		CE54F6C22BBA34B800002971 /* RecipeOfTheDay */ = {
			isa = PBXGroup;
			children = (
				CE54F6D12BBA377E00002971 /* Models */,
				CE54F6D02BBA377800002971 /* Flow */,
				CE54F6C32BBA34F300002971 /* ImagePicker */,
				CEA9E6ED2BA4807F007377E8 /* Camera */,
				CEEBB8BE2B9685F8000BF885 /* RecipeView.swift */,
				CE54F6BD2BBA301B00002971 /* HomeView.swift */,
			);
			path = RecipeOfTheDay;
			sourceTree = "<group>";
		};
		CE54F6C32BBA34F300002971 /* ImagePicker */ = {
			isa = PBXGroup;
			children = (
				CE54F6C52BBA353500002971 /* Manager */,
				CE54F6C62BBA353E00002971 /* Models */,
				CE54F6C42BBA351D00002971 /* Views */,
			);
			path = ImagePicker;
			sourceTree = "<group>";
		};
		CE54F6C42BBA351D00002971 /* Views */ = {
			isa = PBXGroup;
			children = (
				CEA9E6E52BA45170007377E8 /* PhotoView.swift */,
				CEA9E6E12BA4510F007377E8 /* PhotoItemView.swift */,
			);
			path = Views;
			sourceTree = "<group>";
		};
		CE54F6C52BBA353500002971 /* Manager */ = {
			isa = PBXGroup;
			children = (
				CEA9E6DD2BA44E58007377E8 /* CachedImageManager.swift */,
			);
			path = Manager;
			sourceTree = "<group>";
		};
		CE54F6C62BBA353E00002971 /* Models */ = {
			isa = PBXGroup;
			children = (
				CEA9E6D52BA44C79007377E8 /* PhotoCollection.swift */,
				CEA9E6D72BA44CB4007377E8 /* PhotoAsset.swift */,
				CEA9E6D92BA44DAE007377E8 /* PhotoLibrary.swift */,
				CEA9E6DB2BA44E13007377E8 /* PhotoAssetCollection.swift */,
				CEA9E6E72BA451E4007377E8 /* PhotoCollectionView.swift */,
			);
			path = Models;
			sourceTree = "<group>";
		};
		CE54F6C72BBA355300002971 /* Models */ = {
			isa = PBXGroup;
			children = (
				CEA9E6D02BA445FD007377E8 /* CameraModel.swift */,
				CEA9E6D32BA44640007377E8 /* Camera.swift */,
			);
			path = Models;
			sourceTree = "<group>";
		};
		CE54F6C82BBA355F00002971 /* Views */ = {
			isa = PBXGroup;
			children = (
				CEA9E6E32BA4512F007377E8 /* ThumbnailView.swift */,
				CEA9E6DF2BA45083007377E8 /* ViewfinderView.swift */,
				CEA9E6CD2BA347C9007377E8 /* CameraView.swift */,
			);
			path = Views;
			sourceTree = "<group>";
		};
		CE54F6C92BBA360E00002971 /* Gallery */ = {
			isa = PBXGroup;
			children = (
				BB9552F42BA3275600360CB4 /* GalleryView.swift */,
			);
			path = Gallery;
			sourceTree = "<group>";
		};
		CE54F6CB2BBA36D600002971 /* Models */ = {
			isa = PBXGroup;
			children = (
				CE9EEFB22BB9A17B00C60C69 /* API.swift */,
				CEA9E6F02BA482E5007377E8 /* Recipe.swift */,
				CE54F6CC2BBA36EE00002971 /* StrapiPictures.swift */,
			);
			path = Models;
			sourceTree = "<group>";
		};
		CE54F6D02BBA377800002971 /* Flow */ = {
			isa = PBXGroup;
			children = (
				CE54F6D22BBA37A700002971 /* RecipeOfTheDay.swift */,
			);
			path = Flow;
			sourceTree = "<group>";
		};
		CE54F6D12BBA377E00002971 /* Models */ = {
			isa = PBXGroup;
			children = (
				CE54F6CE2BBA373E00002971 /* RecipeOfTheDay.swift */,
			);
			path = Models;
			sourceTree = "<group>";
		};
		CEA9E6ED2BA4807F007377E8 /* Camera */ = {
			isa = PBXGroup;
			children = (
				CE54F6C72BBA355300002971 /* Models */,
				CE54F6C82BBA355F00002971 /* Views */,
			);
			path = Camera;
			sourceTree = "<group>";
		};
		CEB83E4C2BA0D49200158775 /* Components */ = {
			isa = PBXGroup;
			children = (
				CEB83E4F2BA0DF5E00158775 /* TitleView.swift */,
				CEB83E512BA0F1B200158775 /* SubTitleView.swift */,
				CEB83E532BA0F29900158775 /* PageWrapperView.swift */,
				BB9552F62BA33F1E00360CB4 /* SearchBar.swift */,
				BB9552F82BA4424A00360CB4 /* GridTable.swift */,
			);
			path = Components;
			sourceTree = "<group>";
		};
/* End PBXGroup section */

/* Begin PBXNativeTarget section */
		CE39AC372B966D4F0016E41A /* cheflenge */ = {
			isa = PBXNativeTarget;
			buildConfigurationList = CE39AC462B966D500016E41A /* Build configuration list for PBXNativeTarget "cheflenge" */;
			buildPhases = (
				CE39AC342B966D4F0016E41A /* Sources */,
				CE39AC352B966D4F0016E41A /* Frameworks */,
				CE39AC362B966D4F0016E41A /* Resources */,
			);
			buildRules = (
			);
			dependencies = (
			);
			name = cheflenge;
			productName = cheflenge;
			productReference = CE39AC382B966D4F0016E41A /* cheflenge.app */;
			productType = "com.apple.product-type.application";
		};
/* End PBXNativeTarget section */

/* Begin PBXProject section */
		CE39AC302B966D4F0016E41A /* Project object */ = {
			isa = PBXProject;
			attributes = {
				BuildIndependentTargetsInParallel = 1;
				LastSwiftUpdateCheck = 1520;
				LastUpgradeCheck = 1520;
				TargetAttributes = {
					CE39AC372B966D4F0016E41A = {
						CreatedOnToolsVersion = 15.2;
					};
				};
			};
			buildConfigurationList = CE39AC332B966D4F0016E41A /* Build configuration list for PBXProject "cheflenge" */;
			compatibilityVersion = "Xcode 14.0";
			developmentRegion = en;
			hasScannedForEncodings = 0;
			knownRegions = (
				en,
				Base,
			);
			mainGroup = CE39AC2F2B966D4F0016E41A;
			productRefGroup = CE39AC392B966D4F0016E41A /* Products */;
			projectDirPath = "";
			projectRoot = "";
			targets = (
				CE39AC372B966D4F0016E41A /* cheflenge */,
			);
		};
/* End PBXProject section */

/* Begin PBXResourcesBuildPhase section */
		CE39AC362B966D4F0016E41A /* Resources */ = {
			isa = PBXResourcesBuildPhase;
			buildActionMask = 2147483647;
			files = (
				CE39AC432B966D500016E41A /* Preview Assets.xcassets in Resources */,
				CEEBB8C12B96933B000BF885 /* .gitignore in Resources */,
				CE39AC402B966D500016E41A /* Assets.xcassets in Resources */,
			);
			runOnlyForDeploymentPostprocessing = 0;
		};
/* End PBXResourcesBuildPhase section */

/* Begin PBXSourcesBuildPhase section */
		CE39AC342B966D4F0016E41A /* Sources */ = {
			isa = PBXSourcesBuildPhase;
			buildActionMask = 2147483647;
			files = (
				CE54F6BE2BBA301B00002971 /* HomeView.swift in Sources */,
				CE9EEFB32BB9A17B00C60C69 /* API.swift in Sources */,
				CEA9E6E82BA451E4007377E8 /* PhotoCollectionView.swift in Sources */,
				CE54F6D32BBA37A700002971 /* RecipeOfTheDay.swift in Sources */,
				CEA9E6DA2BA44DAE007377E8 /* PhotoLibrary.swift in Sources */,
				BB9552F92BA4424A00360CB4 /* GridTable.swift in Sources */,
				CEB83E522BA0F1B200158775 /* SubTitleView.swift in Sources */,
				CE54F6CF2BBA373E00002971 /* RecipeOfTheDay.swift in Sources */,
				CEB83E542BA0F29900158775 /* PageWrapperView.swift in Sources */,
				CE54F6CD2BBA36EE00002971 /* StrapiPictures.swift in Sources */,
				BB9552F72BA33F1E00360CB4 /* SearchBar.swift in Sources */,
				CEA9E6E42BA4512F007377E8 /* ThumbnailView.swift in Sources */,
				CE54F6BC2BBA301100002971 /* ContentView.swift in Sources */,
				CEA9E6F12BA482E5007377E8 /* Recipe.swift in Sources */,
				CEEBB8BF2B9685F8000BF885 /* RecipeView.swift in Sources */,
				CEA9E6E62BA45170007377E8 /* PhotoView.swift in Sources */,
				CE39AC3C2B966D4F0016E41A /* cheflengeApp.swift in Sources */,
				CEA9E6DE2BA44E58007377E8 /* CachedImageManager.swift in Sources */,
				CEA9E6D42BA44640007377E8 /* Camera.swift in Sources */,
				CEA9E6D62BA44C79007377E8 /* PhotoCollection.swift in Sources */,
				CEB83E502BA0DF5E00158775 /* TitleView.swift in Sources */,
				BB9552F52BA3275600360CB4 /* GalleryView.swift in Sources */,
				CEA9E6E22BA4510F007377E8 /* PhotoItemView.swift in Sources */,
				CEA9E6D82BA44CB4007377E8 /* PhotoAsset.swift in Sources */,
				CEA9E6DC2BA44E13007377E8 /* PhotoAssetCollection.swift in Sources */,
				CEA9E6E02BA45083007377E8 /* ViewfinderView.swift in Sources */,
				CEA9E6CE2BA347C9007377E8 /* CameraView.swift in Sources */,
				CEA9E6D12BA445FD007377E8 /* CameraModel.swift in Sources */,
			);
			runOnlyForDeploymentPostprocessing = 0;
		};
/* End PBXSourcesBuildPhase section */

/* Begin XCBuildConfiguration section */
		CE39AC442B966D500016E41A /* Debug */ = {
			isa = XCBuildConfiguration;
			buildSettings = {
				ALWAYS_SEARCH_USER_PATHS = NO;
				ASSETCATALOG_COMPILER_GENERATE_SWIFT_ASSET_SYMBOL_EXTENSIONS = YES;
				CLANG_ANALYZER_NONNULL = YES;
				CLANG_ANALYZER_NUMBER_OBJECT_CONVERSION = YES_AGGRESSIVE;
				CLANG_CXX_LANGUAGE_STANDARD = "gnu++20";
				CLANG_ENABLE_MODULES = YES;
				CLANG_ENABLE_OBJC_ARC = YES;
				CLANG_ENABLE_OBJC_WEAK = YES;
				CLANG_WARN_BLOCK_CAPTURE_AUTORELEASING = YES;
				CLANG_WARN_BOOL_CONVERSION = YES;
				CLANG_WARN_COMMA = YES;
				CLANG_WARN_CONSTANT_CONVERSION = YES;
				CLANG_WARN_DEPRECATED_OBJC_IMPLEMENTATIONS = YES;
				CLANG_WARN_DIRECT_OBJC_ISA_USAGE = YES_ERROR;
				CLANG_WARN_DOCUMENTATION_COMMENTS = YES;
				CLANG_WARN_EMPTY_BODY = YES;
				CLANG_WARN_ENUM_CONVERSION = YES;
				CLANG_WARN_INFINITE_RECURSION = YES;
				CLANG_WARN_INT_CONVERSION = YES;
				CLANG_WARN_NON_LITERAL_NULL_CONVERSION = YES;
				CLANG_WARN_OBJC_IMPLICIT_RETAIN_SELF = YES;
				CLANG_WARN_OBJC_LITERAL_CONVERSION = YES;
				CLANG_WARN_OBJC_ROOT_CLASS = YES_ERROR;
				CLANG_WARN_QUOTED_INCLUDE_IN_FRAMEWORK_HEADER = YES;
				CLANG_WARN_RANGE_LOOP_ANALYSIS = YES;
				CLANG_WARN_STRICT_PROTOTYPES = YES;
				CLANG_WARN_SUSPICIOUS_MOVE = YES;
				CLANG_WARN_UNGUARDED_AVAILABILITY = YES_AGGRESSIVE;
				CLANG_WARN_UNREACHABLE_CODE = YES;
				CLANG_WARN__DUPLICATE_METHOD_MATCH = YES;
				COPY_PHASE_STRIP = NO;
				DEBUG_INFORMATION_FORMAT = dwarf;
				ENABLE_STRICT_OBJC_MSGSEND = YES;
				ENABLE_TESTABILITY = YES;
				ENABLE_USER_SCRIPT_SANDBOXING = YES;
				GCC_C_LANGUAGE_STANDARD = gnu17;
				GCC_DYNAMIC_NO_PIC = NO;
				GCC_NO_COMMON_BLOCKS = YES;
				GCC_OPTIMIZATION_LEVEL = 0;
				GCC_PREPROCESSOR_DEFINITIONS = (
					"DEBUG=1",
					"$(inherited)",
				);
				GCC_WARN_64_TO_32_BIT_CONVERSION = YES;
				GCC_WARN_ABOUT_RETURN_TYPE = YES_ERROR;
				GCC_WARN_UNDECLARED_SELECTOR = YES;
				GCC_WARN_UNINITIALIZED_AUTOS = YES_AGGRESSIVE;
				GCC_WARN_UNUSED_FUNCTION = YES;
				GCC_WARN_UNUSED_VARIABLE = YES;
				IPHONEOS_DEPLOYMENT_TARGET = 17.2;
				LOCALIZATION_PREFERS_STRING_CATALOGS = YES;
				MTL_ENABLE_DEBUG_INFO = INCLUDE_SOURCE;
				MTL_FAST_MATH = YES;
				ONLY_ACTIVE_ARCH = YES;
				SDKROOT = iphoneos;
				SWIFT_ACTIVE_COMPILATION_CONDITIONS = "DEBUG $(inherited)";
				SWIFT_OPTIMIZATION_LEVEL = "-Onone";
			};
			name = Debug;
		};
		CE39AC452B966D500016E41A /* Release */ = {
			isa = XCBuildConfiguration;
			buildSettings = {
				ALWAYS_SEARCH_USER_PATHS = NO;
				ASSETCATALOG_COMPILER_GENERATE_SWIFT_ASSET_SYMBOL_EXTENSIONS = YES;
				CLANG_ANALYZER_NONNULL = YES;
				CLANG_ANALYZER_NUMBER_OBJECT_CONVERSION = YES_AGGRESSIVE;
				CLANG_CXX_LANGUAGE_STANDARD = "gnu++20";
				CLANG_ENABLE_MODULES = YES;
				CLANG_ENABLE_OBJC_ARC = YES;
				CLANG_ENABLE_OBJC_WEAK = YES;
				CLANG_WARN_BLOCK_CAPTURE_AUTORELEASING = YES;
				CLANG_WARN_BOOL_CONVERSION = YES;
				CLANG_WARN_COMMA = YES;
				CLANG_WARN_CONSTANT_CONVERSION = YES;
				CLANG_WARN_DEPRECATED_OBJC_IMPLEMENTATIONS = YES;
				CLANG_WARN_DIRECT_OBJC_ISA_USAGE = YES_ERROR;
				CLANG_WARN_DOCUMENTATION_COMMENTS = YES;
				CLANG_WARN_EMPTY_BODY = YES;
				CLANG_WARN_ENUM_CONVERSION = YES;
				CLANG_WARN_INFINITE_RECURSION = YES;
				CLANG_WARN_INT_CONVERSION = YES;
				CLANG_WARN_NON_LITERAL_NULL_CONVERSION = YES;
				CLANG_WARN_OBJC_IMPLICIT_RETAIN_SELF = YES;
				CLANG_WARN_OBJC_LITERAL_CONVERSION = YES;
				CLANG_WARN_OBJC_ROOT_CLASS = YES_ERROR;
				CLANG_WARN_QUOTED_INCLUDE_IN_FRAMEWORK_HEADER = YES;
				CLANG_WARN_RANGE_LOOP_ANALYSIS = YES;
				CLANG_WARN_STRICT_PROTOTYPES = YES;
				CLANG_WARN_SUSPICIOUS_MOVE = YES;
				CLANG_WARN_UNGUARDED_AVAILABILITY = YES_AGGRESSIVE;
				CLANG_WARN_UNREACHABLE_CODE = YES;
				CLANG_WARN__DUPLICATE_METHOD_MATCH = YES;
				COPY_PHASE_STRIP = NO;
				DEBUG_INFORMATION_FORMAT = "dwarf-with-dsym";
				ENABLE_NS_ASSERTIONS = NO;
				ENABLE_STRICT_OBJC_MSGSEND = YES;
				ENABLE_USER_SCRIPT_SANDBOXING = YES;
				GCC_C_LANGUAGE_STANDARD = gnu17;
				GCC_NO_COMMON_BLOCKS = YES;
				GCC_WARN_64_TO_32_BIT_CONVERSION = YES;
				GCC_WARN_ABOUT_RETURN_TYPE = YES_ERROR;
				GCC_WARN_UNDECLARED_SELECTOR = YES;
				GCC_WARN_UNINITIALIZED_AUTOS = YES_AGGRESSIVE;
				GCC_WARN_UNUSED_FUNCTION = YES;
				GCC_WARN_UNUSED_VARIABLE = YES;
				IPHONEOS_DEPLOYMENT_TARGET = 17.2;
				LOCALIZATION_PREFERS_STRING_CATALOGS = YES;
				MTL_ENABLE_DEBUG_INFO = NO;
				MTL_FAST_MATH = YES;
				SDKROOT = iphoneos;
				SWIFT_COMPILATION_MODE = wholemodule;
				VALIDATE_PRODUCT = YES;
			};
			name = Release;
		};
		CE39AC472B966D500016E41A /* Debug */ = {
			isa = XCBuildConfiguration;
			buildSettings = {
				ASSETCATALOG_COMPILER_APPICON_NAME = AppIcon;
				ASSETCATALOG_COMPILER_GLOBAL_ACCENT_COLOR_NAME = AccentColor;
				CODE_SIGN_STYLE = Automatic;
				CURRENT_PROJECT_VERSION = 1;
				DEVELOPMENT_ASSET_PATHS = "\"cheflenge/Preview Content\"";
				DEVELOPMENT_TEAM = 96369Z26C9;
				ENABLE_PREVIEWS = YES;
				GENERATE_INFOPLIST_FILE = YES;
				INFOPLIST_KEY_CFBundleDisplayName = Cheflenge;
				INFOPLIST_KEY_LSApplicationCategoryType = "public.app-category.social-networking";
				INFOPLIST_KEY_NSCameraUsageDescription = "Cette application utilise la caméra dans le but de prendre des photos de vos superbes recettes";
				INFOPLIST_KEY_NSPhotoLibraryUsageDescription = "Nous utilisons votre gallerie photo afin que vous puissiez poster vos merveilleuses recettes";
				INFOPLIST_KEY_UIApplicationSceneManifest_Generation = YES;
				INFOPLIST_KEY_UIApplicationSupportsIndirectInputEvents = YES;
				INFOPLIST_KEY_UILaunchScreen_Generation = YES;
				INFOPLIST_KEY_UISupportedInterfaceOrientations = "UIInterfaceOrientationLandscapeLeft UIInterfaceOrientationLandscapeRight UIInterfaceOrientationPortrait UIInterfaceOrientationPortraitUpsideDown";
				LD_RUNPATH_SEARCH_PATHS = (
					"$(inherited)",
					"@executable_path/Frameworks",
				);
				MARKETING_VERSION = 1.0;
				PRODUCT_BUNDLE_IDENTIFIER = cookies.cheflenge;
				PRODUCT_NAME = "$(TARGET_NAME)";
				SWIFT_EMIT_LOC_STRINGS = YES;
				SWIFT_VERSION = 5.0;
				TARGETED_DEVICE_FAMILY = "1,2";
			};
			name = Debug;
		};
		CE39AC482B966D500016E41A /* Release */ = {
			isa = XCBuildConfiguration;
			buildSettings = {
				ASSETCATALOG_COMPILER_APPICON_NAME = AppIcon;
				ASSETCATALOG_COMPILER_GLOBAL_ACCENT_COLOR_NAME = AccentColor;
				CODE_SIGN_STYLE = Automatic;
				CURRENT_PROJECT_VERSION = 1;
				DEVELOPMENT_ASSET_PATHS = "\"cheflenge/Preview Content\"";
				DEVELOPMENT_TEAM = 96369Z26C9;
				ENABLE_PREVIEWS = YES;
				GENERATE_INFOPLIST_FILE = YES;
				INFOPLIST_KEY_CFBundleDisplayName = Cheflenge;
				INFOPLIST_KEY_LSApplicationCategoryType = "public.app-category.social-networking";
				INFOPLIST_KEY_NSCameraUsageDescription = "Cette application utilise la caméra dans le but de prendre des photos de vos superbes recettes";
				INFOPLIST_KEY_NSPhotoLibraryUsageDescription = "Nous utilisons votre gallerie photo afin que vous puissiez poster vos merveilleuses recettes";
				INFOPLIST_KEY_UIApplicationSceneManifest_Generation = YES;
				INFOPLIST_KEY_UIApplicationSupportsIndirectInputEvents = YES;
				INFOPLIST_KEY_UILaunchScreen_Generation = YES;
				INFOPLIST_KEY_UISupportedInterfaceOrientations = "UIInterfaceOrientationLandscapeLeft UIInterfaceOrientationLandscapeRight UIInterfaceOrientationPortrait UIInterfaceOrientationPortraitUpsideDown";
				LD_RUNPATH_SEARCH_PATHS = (
					"$(inherited)",
					"@executable_path/Frameworks",
				);
				MARKETING_VERSION = 1.0;
				PRODUCT_BUNDLE_IDENTIFIER = cookies.cheflenge;
				PRODUCT_NAME = "$(TARGET_NAME)";
				SWIFT_EMIT_LOC_STRINGS = YES;
				SWIFT_VERSION = 5.0;
				TARGETED_DEVICE_FAMILY = "1,2";
			};
			name = Release;
		};
/* End XCBuildConfiguration section */

/* Begin XCConfigurationList section */
		CE39AC332B966D4F0016E41A /* Build configuration list for PBXProject "cheflenge" */ = {
			isa = XCConfigurationList;
			buildConfigurations = (
				CE39AC442B966D500016E41A /* Debug */,
				CE39AC452B966D500016E41A /* Release */,
			);
			defaultConfigurationIsVisible = 0;
			defaultConfigurationName = Release;
		};
		CE39AC462B966D500016E41A /* Build configuration list for PBXNativeTarget "cheflenge" */ = {
			isa = XCConfigurationList;
			buildConfigurations = (
				CE39AC472B966D500016E41A /* Debug */,
				CE39AC482B966D500016E41A /* Release */,
			);
			defaultConfigurationIsVisible = 0;
			defaultConfigurationName = Release;
		};
/* End XCConfigurationList section */
	};
	rootObject = CE39AC302B966D4F0016E41A /* Project object */;
}
